
Microsoft Visual Studio Solution File, Format Version 12.00
# Blend for Visual Studio 15
VisualStudioVersion = 15.0.27130.2024
MinimumVisualStudioVersion = 10.0.40219.1
Project("{2150E333-8FDC-42A3-9474-1A3956D46DE8}") = "ClientSide", "ClientSide", "{13A9EC88-57B9-4250-8D7D-F700F3380608}"
EndProject
Project("{2150E333-8FDC-42A3-9474-1A3956D46DE8}") = "ServerSide", "ServerSide", "{2F8BAA27-0C53-480B-ABB2-DD98D65ECB8E}"
EndProject
Project("{FAE04EC0-301F-11D3-BF4B-00C04F79EFBC}") = "CQUT.JJ.MusicPlayer.Client", "CQUT.JJ.MusicPlayer.Client\CQUT.JJ.MusicPlayer.Client.csproj", "{8F677396-A400-45E6-B4B7-95F43DD7BF8E}"
EndProject
Project("{FAE04EC0-301F-11D3-BF4B-00C04F79EFBC}") = "CQUT.JJ.MusicPlayer.MS", "CQUT.JJ.MusicPlayer.MS\CQUT.JJ.MusicPlayer.MS.csproj", "{17AB67C1-B4DB-490E-BC21-1CDE956914F6}"
EndProject
Project("{FAE04EC0-301F-11D3-BF4B-00C04F79EFBC}") = "CQUT.JJ.MusicPlayer.Controls", "CQUT.JJ.MusicPlayer.Controls\CQUT.JJ.MusicPlayer.Controls.csproj", "{775EAB51-7961-465A-AAAF-A996A8243444}"
EndProject
Project("{FAE04EC0-301F-11D3-BF4B-00C04F79EFBC}") = "CQUT.JJ.MusicPlayer.Models", "CQUT.JJ.MusicPlayer.Models\CQUT.JJ.MusicPlayer.Models.csproj", "{7147720E-EF36-4F4B-B510-CFCAFE1FD555}"
EndProject
Project("{FAE04EC0-301F-11D3-BF4B-00C04F79EFBC}") = "CQUT.JJ.MusicPlayer.Application", "CQUT.JJ.MusicPlayer.Application\CQUT.JJ.MusicPlayer.Application.csproj", "{FEFCA6F1-F157-48CD-A01F-BAED38CA75F1}"
EndProject
Project("{FAE04EC0-301F-11D3-BF4B-00C04F79EFBC}") = "CQUT.JJ.MusicPlayer.Core", "CQUT.JJ.MusicPlayer.Core\CQUT.JJ.MusicPlayer.Core.csproj", "{1097DB92-9650-4D49-B4AF-B1D2AA66099F}"
EndProject
Project("{FAE04EC0-301F-11D3-BF4B-00C04F79EFBC}") = "CQUT.JJ.MusicPlayer.EntityFramework", "CQUT.JJ.MusicPlayer.EntityFramework\CQUT.JJ.MusicPlayer.EntityFramework.csproj", "{8DE199C6-B19F-4EBB-99BE-84B30DB8D1E7}"
EndProject
Global
	GlobalSection(SolutionConfigurationPlatforms) = preSolution
		Debug|Any CPU = Debug|Any CPU
		Release|Any CPU = Release|Any CPU
	EndGlobalSection
	GlobalSection(ProjectConfigurationPlatforms) = postSolution
		{8F677396-A400-45E6-B4B7-95F43DD7BF8E}.Debug|Any CPU.ActiveCfg = Debug|Any CPU
		{8F677396-A400-45E6-B4B7-95F43DD7BF8E}.Debug|Any CPU.Build.0 = Debug|Any CPU
		{8F677396-A400-45E6-B4B7-95F43DD7BF8E}.Release|Any CPU.ActiveCfg = Release|Any CPU
		{8F677396-A400-45E6-B4B7-95F43DD7BF8E}.Release|Any CPU.Build.0 = Release|Any CPU
		{17AB67C1-B4DB-490E-BC21-1CDE956914F6}.Debug|Any CPU.ActiveCfg = Debug|Any CPU
		{17AB67C1-B4DB-490E-BC21-1CDE956914F6}.Debug|Any CPU.Build.0 = Debug|Any CPU
		{17AB67C1-B4DB-490E-BC21-1CDE956914F6}.Release|Any CPU.ActiveCfg = Release|Any CPU
		{17AB67C1-B4DB-490E-BC21-1CDE956914F6}.Release|Any CPU.Build.0 = Release|Any CPU
		{775EAB51-7961-465A-AAAF-A996A8243444}.Debug|Any CPU.ActiveCfg = Debug|Any CPU
		{775EAB51-7961-465A-AAAF-A996A8243444}.Debug|Any CPU.Build.0 = Debug|Any CPU
		{775EAB51-7961-465A-AAAF-A996A8243444}.Release|Any CPU.ActiveCfg = Release|Any CPU
		{775EAB51-7961-465A-AAAF-A996A8243444}.Release|Any CPU.Build.0 = Release|Any CPU
		{7147720E-EF36-4F4B-B510-CFCAFE1FD555}.Debug|Any CPU.ActiveCfg = Debug|Any CPU
		{7147720E-EF36-4F4B-B510-CFCAFE1FD555}.Debug|Any CPU.Build.0 = Debug|Any CPU
		{7147720E-EF36-4F4B-B510-CFCAFE1FD555}.Release|Any CPU.ActiveCfg = Release|Any CPU
		{7147720E-EF36-4F4B-B510-CFCAFE1FD555}.Release|Any CPU.Build.0 = Release|Any CPU
		{FEFCA6F1-F157-48CD-A01F-BAED38CA75F1}.Debug|Any CPU.ActiveCfg = Debug|Any CPU
		{FEFCA6F1-F157-48CD-A01F-BAED38CA75F1}.Debug|Any CPU.Build.0 = Debug|Any CPU
		{FEFCA6F1-F157-48CD-A01F-BAED38CA75F1}.Release|Any CPU.ActiveCfg = Release|Any CPU
		{FEFCA6F1-F157-48CD-A01F-BAED38CA75F1}.Release|Any CPU.Build.0 = Release|Any CPU
		{1097DB92-9650-4D49-B4AF-B1D2AA66099F}.Debug|Any CPU.ActiveCfg = Debug|Any CPU
		{1097DB92-9650-4D49-B4AF-B1D2AA66099F}.Debug|Any CPU.Build.0 = Debug|Any CPU
		{1097DB92-9650-4D49-B4AF-B1D2AA66099F}.Release|Any CPU.ActiveCfg = Release|Any CPU
		{1097DB92-9650-4D49-B4AF-B1D2AA66099F}.Release|Any CPU.Build.0 = Release|Any CPU
		{8DE199C6-B19F-4EBB-99BE-84B30DB8D1E7}.Debug|Any CPU.ActiveCfg = Debug|Any CPU
		{8DE199C6-B19F-4EBB-99BE-84B30DB8D1E7}.Debug|Any CPU.Build.0 = Debug|Any CPU
		{8DE199C6-B19F-4EBB-99BE-84B30DB8D1E7}.Release|Any CPU.ActiveCfg = Release|Any CPU
		{8DE199C6-B19F-4EBB-99BE-84B30DB8D1E7}.Release|Any CPU.Build.0 = Release|Any CPU
	EndGlobalSection
	GlobalSection(SolutionProperties) = preSolution
		HideSolutionNode = FALSE
	EndGlobalSection
	GlobalSection(NestedProjects) = preSolution
		{8F677396-A400-45E6-B4B7-95F43DD7BF8E} = {13A9EC88-57B9-4250-8D7D-F700F3380608}
		{17AB67C1-B4DB-490E-BC21-1CDE956914F6} = {2F8BAA27-0C53-480B-ABB2-DD98D65ECB8E}
		{775EAB51-7961-465A-AAAF-A996A8243444} = {13A9EC88-57B9-4250-8D7D-F700F3380608}
		{7147720E-EF36-4F4B-B510-CFCAFE1FD555} = {13A9EC88-57B9-4250-8D7D-F700F3380608}
		{FEFCA6F1-F157-48CD-A01F-BAED38CA75F1} = {2F8BAA27-0C53-480B-ABB2-DD98D65ECB8E}
		{1097DB92-9650-4D49-B4AF-B1D2AA66099F} = {2F8BAA27-0C53-480B-ABB2-DD98D65ECB8E}
		{8DE199C6-B19F-4EBB-99BE-84B30DB8D1E7} = {2F8BAA27-0C53-480B-ABB2-DD98D65ECB8E}
	EndGlobalSection
	GlobalSection(ExtensibilityGlobals) = postSolution
		SolutionGuid = {F63DE969-D612-481D-BB95-1BBA50B4882E}
	EndGlobalSection
EndGlobal
