
Microsoft Visual Studio Solution File, Format Version 12.00
# Visual Studio 15
VisualStudioVersion = 15.0.27130.2036
MinimumVisualStudioVersion = 10.0.40219.1
Project("{2150E333-8FDC-42A3-9474-1A3956D46DE8}") = "ServerSide", "ServerSide", "{2F8BAA27-0C53-480B-ABB2-DD98D65ECB8E}"
EndProject
Project("{FAE04EC0-301F-11D3-BF4B-00C04F79EFBC}") = "CQUT.JJ.MusicPlayer.Models", "CQUT.JJ.MusicPlayer.Models\CQUT.JJ.MusicPlayer.Models.csproj", "{7147720E-EF36-4F4B-B510-CFCAFE1FD555}"
EndProject
Project("{2150E333-8FDC-42A3-9474-1A3956D46DE8}") = "DataModel", "DataModel", "{66F78EE2-BFD8-4781-9E60-E5C8D1EF61BB}"
EndProject
Project("{FAE04EC0-301F-11D3-BF4B-00C04F79EFBC}") = "CQUT.JJ.MusicPlayer.WCFService", "CQUT.JJ.MusicPlayer.WCFService\CQUT.JJ.MusicPlayer.WCFService.csproj", "{4708400F-A32C-4512-BECC-328176C90E06}"
EndProject
Project("{9A19103F-16F7-4668-BE54-9A1E7A4F7556}") = "CQUT.JJ.MusicPlayer.Core", "CQUT.JJ.MusicPlayer.Core\CQUT.JJ.MusicPlayer.Core.csproj", "{35E9442D-030C-4316-BEBB-809869199187}"
EndProject
Project("{9A19103F-16F7-4668-BE54-9A1E7A4F7556}") = "CQUT.JJ.MusicPlayer.EntityFramework", "CQUT.JJ.MusicPlayer.EntityFrameworkStandard\CQUT.JJ.MusicPlayer.EntityFramework.csproj", "{9A238413-904E-40BE-927C-94D5A4449DB0}"
EndProject
Project("{9A19103F-16F7-4668-BE54-9A1E7A4F7556}") = "CQUT.JJ.MusicPlayer.Application", "CQUT.JJ.MusicPlayer.Application\CQUT.JJ.MusicPlayer.Application.csproj", "{3CCE464A-01EC-404C-A74C-B473AFB620FB}"
EndProject
Project("{2150E333-8FDC-42A3-9474-1A3956D46DE8}") = "ClientSide", "ClientSide", "{6382CD42-EB80-4FA8-8EDD-749C6D289D94}"
EndProject
Project("{2150E333-8FDC-42A3-9474-1A3956D46DE8}") = "WebEdition", "WebEdition", "{3B5BA9A4-7D85-41C2-976A-39FA48D101A1}"
EndProject
Project("{2150E333-8FDC-42A3-9474-1A3956D46DE8}") = "DesktopEdition", "DesktopEdition", "{462A2D13-48E3-485A-993D-999664BE2CE2}"
EndProject
Project("{FAE04EC0-301F-11D3-BF4B-00C04F79EFBC}") = "CQUT.JJ.MusicPlayer.Client", "CQUT.JJ.MusicPlayer.Client\CQUT.JJ.MusicPlayer.Client.csproj", "{8F677396-A400-45E6-B4B7-95F43DD7BF8E}"
EndProject
Project("{FAE04EC0-301F-11D3-BF4B-00C04F79EFBC}") = "CQUT.JJ.MusicPlayer.Controls", "CQUT.JJ.MusicPlayer.Controls\CQUT.JJ.MusicPlayer.Controls.csproj", "{775EAB51-7961-465A-AAAF-A996A8243444}"
EndProject
Project("{9A19103F-16F7-4668-BE54-9A1E7A4F7556}") = "CQUT.JJ.MusicPlayer.MS", "CQUT.JJ.MusicPlayer.MS\CQUT.JJ.MusicPlayer.MS.csproj", "{8B6FB6E0-A9A3-4097-B0B2-47F9875BF3BC}"
EndProject
Project("{2150E333-8FDC-42A3-9474-1A3956D46DE8}") = "Test", "Test", "{9D4F0FF4-B223-4055-BB6F-2B261D5F42C4}"
EndProject
Project("{FAE04EC0-301F-11D3-BF4B-00C04F79EFBC}") = "CQUT.JJ.MusicPlayer.UnitTest", "CQUT.JJ.MusicPlayer.UnitTest\CQUT.JJ.MusicPlayer.UnitTest.csproj", "{08EA009D-7758-41D4-A1D2-870797A09A1B}"
EndProject
Global
	GlobalSection(SolutionConfigurationPlatforms) = preSolution
		Debug|Any CPU = Debug|Any CPU
		Release|Any CPU = Release|Any CPU
	EndGlobalSection
	GlobalSection(ProjectConfigurationPlatforms) = postSolution
		{7147720E-EF36-4F4B-B510-CFCAFE1FD555}.Debug|Any CPU.ActiveCfg = Debug|Any CPU
		{7147720E-EF36-4F4B-B510-CFCAFE1FD555}.Debug|Any CPU.Build.0 = Debug|Any CPU
		{7147720E-EF36-4F4B-B510-CFCAFE1FD555}.Release|Any CPU.ActiveCfg = Release|Any CPU
		{7147720E-EF36-4F4B-B510-CFCAFE1FD555}.Release|Any CPU.Build.0 = Release|Any CPU
		{4708400F-A32C-4512-BECC-328176C90E06}.Debug|Any CPU.ActiveCfg = Debug|Any CPU
		{4708400F-A32C-4512-BECC-328176C90E06}.Debug|Any CPU.Build.0 = Debug|Any CPU
		{4708400F-A32C-4512-BECC-328176C90E06}.Release|Any CPU.ActiveCfg = Release|Any CPU
		{4708400F-A32C-4512-BECC-328176C90E06}.Release|Any CPU.Build.0 = Release|Any CPU
		{35E9442D-030C-4316-BEBB-809869199187}.Debug|Any CPU.ActiveCfg = Debug|Any CPU
		{35E9442D-030C-4316-BEBB-809869199187}.Debug|Any CPU.Build.0 = Debug|Any CPU
		{35E9442D-030C-4316-BEBB-809869199187}.Release|Any CPU.ActiveCfg = Release|Any CPU
		{35E9442D-030C-4316-BEBB-809869199187}.Release|Any CPU.Build.0 = Release|Any CPU
		{9A238413-904E-40BE-927C-94D5A4449DB0}.Debug|Any CPU.ActiveCfg = Debug|Any CPU
		{9A238413-904E-40BE-927C-94D5A4449DB0}.Debug|Any CPU.Build.0 = Debug|Any CPU
		{9A238413-904E-40BE-927C-94D5A4449DB0}.Release|Any CPU.ActiveCfg = Release|Any CPU
		{9A238413-904E-40BE-927C-94D5A4449DB0}.Release|Any CPU.Build.0 = Release|Any CPU
		{3CCE464A-01EC-404C-A74C-B473AFB620FB}.Debug|Any CPU.ActiveCfg = Debug|Any CPU
		{3CCE464A-01EC-404C-A74C-B473AFB620FB}.Debug|Any CPU.Build.0 = Debug|Any CPU
		{3CCE464A-01EC-404C-A74C-B473AFB620FB}.Release|Any CPU.ActiveCfg = Release|Any CPU
		{3CCE464A-01EC-404C-A74C-B473AFB620FB}.Release|Any CPU.Build.0 = Release|Any CPU
		{8F677396-A400-45E6-B4B7-95F43DD7BF8E}.Debug|Any CPU.ActiveCfg = Debug|Any CPU
		{8F677396-A400-45E6-B4B7-95F43DD7BF8E}.Debug|Any CPU.Build.0 = Debug|Any CPU
		{8F677396-A400-45E6-B4B7-95F43DD7BF8E}.Release|Any CPU.ActiveCfg = Release|Any CPU
		{8F677396-A400-45E6-B4B7-95F43DD7BF8E}.Release|Any CPU.Build.0 = Release|Any CPU
		{775EAB51-7961-465A-AAAF-A996A8243444}.Debug|Any CPU.ActiveCfg = Debug|Any CPU
		{775EAB51-7961-465A-AAAF-A996A8243444}.Debug|Any CPU.Build.0 = Debug|Any CPU
		{775EAB51-7961-465A-AAAF-A996A8243444}.Release|Any CPU.ActiveCfg = Release|Any CPU
		{775EAB51-7961-465A-AAAF-A996A8243444}.Release|Any CPU.Build.0 = Release|Any CPU
		{8B6FB6E0-A9A3-4097-B0B2-47F9875BF3BC}.Debug|Any CPU.ActiveCfg = Debug|Any CPU
		{8B6FB6E0-A9A3-4097-B0B2-47F9875BF3BC}.Debug|Any CPU.Build.0 = Debug|Any CPU
		{8B6FB6E0-A9A3-4097-B0B2-47F9875BF3BC}.Release|Any CPU.ActiveCfg = Release|Any CPU
		{8B6FB6E0-A9A3-4097-B0B2-47F9875BF3BC}.Release|Any CPU.Build.0 = Release|Any CPU
		{08EA009D-7758-41D4-A1D2-870797A09A1B}.Debug|Any CPU.ActiveCfg = Debug|Any CPU
		{08EA009D-7758-41D4-A1D2-870797A09A1B}.Debug|Any CPU.Build.0 = Debug|Any CPU
		{08EA009D-7758-41D4-A1D2-870797A09A1B}.Release|Any CPU.ActiveCfg = Release|Any CPU
		{08EA009D-7758-41D4-A1D2-870797A09A1B}.Release|Any CPU.Build.0 = Release|Any CPU
	EndGlobalSection
	GlobalSection(SolutionProperties) = preSolution
		HideSolutionNode = FALSE
	EndGlobalSection
	GlobalSection(NestedProjects) = preSolution
		{7147720E-EF36-4F4B-B510-CFCAFE1FD555} = {66F78EE2-BFD8-4781-9E60-E5C8D1EF61BB}
		{4708400F-A32C-4512-BECC-328176C90E06} = {2F8BAA27-0C53-480B-ABB2-DD98D65ECB8E}
		{35E9442D-030C-4316-BEBB-809869199187} = {2F8BAA27-0C53-480B-ABB2-DD98D65ECB8E}
		{9A238413-904E-40BE-927C-94D5A4449DB0} = {2F8BAA27-0C53-480B-ABB2-DD98D65ECB8E}
		{3CCE464A-01EC-404C-A74C-B473AFB620FB} = {2F8BAA27-0C53-480B-ABB2-DD98D65ECB8E}
		{3B5BA9A4-7D85-41C2-976A-39FA48D101A1} = {6382CD42-EB80-4FA8-8EDD-749C6D289D94}
		{462A2D13-48E3-485A-993D-999664BE2CE2} = {6382CD42-EB80-4FA8-8EDD-749C6D289D94}
		{8F677396-A400-45E6-B4B7-95F43DD7BF8E} = {462A2D13-48E3-485A-993D-999664BE2CE2}
		{775EAB51-7961-465A-AAAF-A996A8243444} = {462A2D13-48E3-485A-993D-999664BE2CE2}
		{8B6FB6E0-A9A3-4097-B0B2-47F9875BF3BC} = {3B5BA9A4-7D85-41C2-976A-39FA48D101A1}
		{08EA009D-7758-41D4-A1D2-870797A09A1B} = {9D4F0FF4-B223-4055-BB6F-2B261D5F42C4}
	EndGlobalSection
	GlobalSection(ExtensibilityGlobals) = postSolution
		SolutionGuid = {F63DE969-D612-481D-BB95-1BBA50B4882E}
	EndGlobalSection
EndGlobal
