
Microsoft Visual Studio Solution File, Format Version 12.00
# Visual Studio 15
VisualStudioVersion = 15.0.27130.2036
MinimumVisualStudioVersion = 10.0.40219.1
Project("{2150E333-8FDC-42A3-9474-1A3956D46DE8}") = "ClientSide", "ClientSide", "{13A9EC88-57B9-4250-8D7D-F700F3380608}"
EndProject
Project("{2150E333-8FDC-42A3-9474-1A3956D46DE8}") = "ServerSide", "ServerSide", "{2F8BAA27-0C53-480B-ABB2-DD98D65ECB8E}"
EndProject
Project("{FAE04EC0-301F-11D3-BF4B-00C04F79EFBC}") = "CQUT.JJ.MusicPlayer.Client", "CQUT.JJ.MusicPlayer.Client\CQUT.JJ.MusicPlayer.Client.csproj", "{8F677396-A400-45E6-B4B7-95F43DD7BF8E}"
EndProject
Project("{9A19103F-16F7-4668-BE54-9A1E7A4F7556}") = "CQUT.JJ.MusicPlayer.MS", "CQUT.JJ.MusicPlayer.MS\CQUT.JJ.MusicPlayer.MS.csproj", "{17AB67C1-B4DB-490E-BC21-1CDE956914F6}"
EndProject
Project("{FAE04EC0-301F-11D3-BF4B-00C04F79EFBC}") = "CQUT.JJ.MusicPlayer.Models", "CQUT.JJ.MusicPlayer.Models\CQUT.JJ.MusicPlayer.Models.csproj", "{7147720E-EF36-4F4B-B510-CFCAFE1FD555}"
EndProject
Project("{9A19103F-16F7-4668-BE54-9A1E7A4F7556}") = "CQUT.JJ.MusicPlayer.Application", "CQUT.JJ.MusicPlayer.Application\CQUT.JJ.MusicPlayer.Application.csproj", "{FEFCA6F1-F157-48CD-A01F-BAED38CA75F1}"
EndProject
Project("{2150E333-8FDC-42A3-9474-1A3956D46DE8}") = "DesktopEdition", "DesktopEdition", "{17E2BD9F-BD68-41F9-91B9-941AE711D1B4}"
EndProject
Project("{2150E333-8FDC-42A3-9474-1A3956D46DE8}") = "WebEdition", "WebEdition", "{37DBFD87-53AF-4C4D-A05F-040ED20D8934}"
EndProject
Project("{9A19103F-16F7-4668-BE54-9A1E7A4F7556}") = "CQUT.JJ.MusicPlayer.EntityFramework", "CQUT.JJ.MusicPlayer.EntityFrameworkStandard\CQUT.JJ.MusicPlayer.EntityFramework.csproj", "{27FC590F-82D9-4022-AEC4-6DE5AF844BD1}"
EndProject
Project("{2150E333-8FDC-42A3-9474-1A3956D46DE8}") = "DataModel", "DataModel", "{66F78EE2-BFD8-4781-9E60-E5C8D1EF61BB}"
EndProject
Project("{9A19103F-16F7-4668-BE54-9A1E7A4F7556}") = "CQUT.JJ.MusicPlayer.Core", "CQUT.JJ.MusicPlayer.Core\CQUT.JJ.MusicPlayer.Core.csproj", "{309B5C42-9E54-4A62-82AD-94039F3175C2}"
EndProject
Project("{FAE04EC0-301F-11D3-BF4B-00C04F79EFBC}") = "CQUT.JJ.MusicPlayer.WCFService", "CQUT.JJ.MusicPlayer.WCFService\CQUT.JJ.MusicPlayer.WCFService.csproj", "{4708400F-A32C-4512-BECC-328176C90E06}"
EndProject
Project("{FAE04EC0-301F-11D3-BF4B-00C04F79EFBC}") = "CQUT.JJ.MusicPlayer.Controls", "CQUT.JJ.MusicPlayer.Controls\CQUT.JJ.MusicPlayer.Controls.csproj", "{775EAB51-7961-465A-AAAF-A996A8243444}"
EndProject
Global
	GlobalSection(SolutionConfigurationPlatforms) = preSolution
		Debug|Any CPU = Debug|Any CPU
		Release|Any CPU = Release|Any CPU
	EndGlobalSection
	GlobalSection(ProjectConfigurationPlatforms) = postSolution
		{8F677396-A400-45E6-B4B7-95F43DD7BF8E}.Debug|Any CPU.ActiveCfg = Debug|Any CPU
		{8F677396-A400-45E6-B4B7-95F43DD7BF8E}.Debug|Any CPU.Build.0 = Debug|Any CPU
		{8F677396-A400-45E6-B4B7-95F43DD7BF8E}.Release|Any CPU.ActiveCfg = Release|Any CPU
		{8F677396-A400-45E6-B4B7-95F43DD7BF8E}.Release|Any CPU.Build.0 = Release|Any CPU
		{17AB67C1-B4DB-490E-BC21-1CDE956914F6}.Debug|Any CPU.ActiveCfg = Debug|Any CPU
		{17AB67C1-B4DB-490E-BC21-1CDE956914F6}.Debug|Any CPU.Build.0 = Debug|Any CPU
		{17AB67C1-B4DB-490E-BC21-1CDE956914F6}.Release|Any CPU.ActiveCfg = Release|Any CPU
		{17AB67C1-B4DB-490E-BC21-1CDE956914F6}.Release|Any CPU.Build.0 = Release|Any CPU
		{7147720E-EF36-4F4B-B510-CFCAFE1FD555}.Debug|Any CPU.ActiveCfg = Debug|Any CPU
		{7147720E-EF36-4F4B-B510-CFCAFE1FD555}.Debug|Any CPU.Build.0 = Debug|Any CPU
		{7147720E-EF36-4F4B-B510-CFCAFE1FD555}.Release|Any CPU.ActiveCfg = Release|Any CPU
		{7147720E-EF36-4F4B-B510-CFCAFE1FD555}.Release|Any CPU.Build.0 = Release|Any CPU
		{FEFCA6F1-F157-48CD-A01F-BAED38CA75F1}.Debug|Any CPU.ActiveCfg = Debug|Any CPU
		{FEFCA6F1-F157-48CD-A01F-BAED38CA75F1}.Debug|Any CPU.Build.0 = Debug|Any CPU
		{FEFCA6F1-F157-48CD-A01F-BAED38CA75F1}.Release|Any CPU.ActiveCfg = Release|Any CPU
		{FEFCA6F1-F157-48CD-A01F-BAED38CA75F1}.Release|Any CPU.Build.0 = Release|Any CPU
		{27FC590F-82D9-4022-AEC4-6DE5AF844BD1}.Debug|Any CPU.ActiveCfg = Debug|Any CPU
		{27FC590F-82D9-4022-AEC4-6DE5AF844BD1}.Debug|Any CPU.Build.0 = Debug|Any CPU
		{27FC590F-82D9-4022-AEC4-6DE5AF844BD1}.Release|Any CPU.ActiveCfg = Release|Any CPU
		{27FC590F-82D9-4022-AEC4-6DE5AF844BD1}.Release|Any CPU.Build.0 = Release|Any CPU
		{309B5C42-9E54-4A62-82AD-94039F3175C2}.Debug|Any CPU.ActiveCfg = Debug|Any CPU
		{309B5C42-9E54-4A62-82AD-94039F3175C2}.Debug|Any CPU.Build.0 = Debug|Any CPU
		{309B5C42-9E54-4A62-82AD-94039F3175C2}.Release|Any CPU.ActiveCfg = Release|Any CPU
		{309B5C42-9E54-4A62-82AD-94039F3175C2}.Release|Any CPU.Build.0 = Release|Any CPU
		{4708400F-A32C-4512-BECC-328176C90E06}.Debug|Any CPU.ActiveCfg = Debug|Any CPU
		{4708400F-A32C-4512-BECC-328176C90E06}.Debug|Any CPU.Build.0 = Debug|Any CPU
		{4708400F-A32C-4512-BECC-328176C90E06}.Release|Any CPU.ActiveCfg = Release|Any CPU
		{4708400F-A32C-4512-BECC-328176C90E06}.Release|Any CPU.Build.0 = Release|Any CPU
		{775EAB51-7961-465A-AAAF-A996A8243444}.Debug|Any CPU.ActiveCfg = Debug|Any CPU
		{775EAB51-7961-465A-AAAF-A996A8243444}.Debug|Any CPU.Build.0 = Debug|Any CPU
		{775EAB51-7961-465A-AAAF-A996A8243444}.Release|Any CPU.ActiveCfg = Release|Any CPU
		{775EAB51-7961-465A-AAAF-A996A8243444}.Release|Any CPU.Build.0 = Release|Any CPU
	EndGlobalSection
	GlobalSection(SolutionProperties) = preSolution
		HideSolutionNode = FALSE
	EndGlobalSection
	GlobalSection(NestedProjects) = preSolution
		{8F677396-A400-45E6-B4B7-95F43DD7BF8E} = {17E2BD9F-BD68-41F9-91B9-941AE711D1B4}
		{17AB67C1-B4DB-490E-BC21-1CDE956914F6} = {37DBFD87-53AF-4C4D-A05F-040ED20D8934}
		{7147720E-EF36-4F4B-B510-CFCAFE1FD555} = {66F78EE2-BFD8-4781-9E60-E5C8D1EF61BB}
		{FEFCA6F1-F157-48CD-A01F-BAED38CA75F1} = {2F8BAA27-0C53-480B-ABB2-DD98D65ECB8E}
		{17E2BD9F-BD68-41F9-91B9-941AE711D1B4} = {13A9EC88-57B9-4250-8D7D-F700F3380608}
		{37DBFD87-53AF-4C4D-A05F-040ED20D8934} = {13A9EC88-57B9-4250-8D7D-F700F3380608}
		{27FC590F-82D9-4022-AEC4-6DE5AF844BD1} = {2F8BAA27-0C53-480B-ABB2-DD98D65ECB8E}
		{309B5C42-9E54-4A62-82AD-94039F3175C2} = {2F8BAA27-0C53-480B-ABB2-DD98D65ECB8E}
		{4708400F-A32C-4512-BECC-328176C90E06} = {2F8BAA27-0C53-480B-ABB2-DD98D65ECB8E}
		{775EAB51-7961-465A-AAAF-A996A8243444} = {17E2BD9F-BD68-41F9-91B9-941AE711D1B4}
	EndGlobalSection
	GlobalSection(ExtensibilityGlobals) = postSolution
		SolutionGuid = {F63DE969-D612-481D-BB95-1BBA50B4882E}
	EndGlobalSection
EndGlobal
